
Microsoft Visual Studio Solution File, Format Version 12.00
# Visual Studio Version 17
VisualStudioVersion = 17.10.35027.167
MinimumVisualStudioVersion = 10.0.40219.1
Project("{FAE04EC0-301F-11D3-BF4B-00C04F79EFBC}") = "ThiThucHanh.Net", "ThiThucHanh.Net\ThiThucHanh.Net.csproj", "{C2026248-1E05-4916-B268-61B6BE67CF7A}"
EndProject
Project("{FAE04EC0-301F-11D3-BF4B-00C04F79EFBC}") = "ThiThucHanhAPI", "ThiThucHanhAPI\ThiThucHanhAPI.csproj", "{2AC235A5-FE14-4EDC-9F83-AED5348C765D}"
EndProject
Global
	GlobalSection(SolutionConfigurationPlatforms) = preSolution
		Debug|Any CPU = Debug|Any CPU
		Release|Any CPU = Release|Any CPU
	EndGlobalSection
	GlobalSection(ProjectConfigurationPlatforms) = postSolution
		{C2026248-1E05-4916-B268-61B6BE67CF7A}.Debug|Any CPU.ActiveCfg = Debug|Any CPU
		{C2026248-1E05-4916-B268-61B6BE67CF7A}.Debug|Any CPU.Build.0 = Debug|Any CPU
		{C2026248-1E05-4916-B268-61B6BE67CF7A}.Release|Any CPU.ActiveCfg = Release|Any CPU
		{C2026248-1E05-4916-B268-61B6BE67CF7A}.Release|Any CPU.Build.0 = Release|Any CPU
		{2AC235A5-FE14-4EDC-9F83-AED5348C765D}.Debug|Any CPU.ActiveCfg = Debug|Any CPU
		{2AC235A5-FE14-4EDC-9F83-AED5348C765D}.Debug|Any CPU.Build.0 = Debug|Any CPU
		{2AC235A5-FE14-4EDC-9F83-AED5348C765D}.Release|Any CPU.ActiveCfg = Release|Any CPU
		{2AC235A5-FE14-4EDC-9F83-AED5348C765D}.Release|Any CPU.Build.0 = Release|Any CPU
	EndGlobalSection
	GlobalSection(SolutionProperties) = preSolution
		HideSolutionNode = FALSE
	EndGlobalSection
	GlobalSection(ExtensibilityGlobals) = postSolution
		SolutionGuid = {AAC56D86-9FE8-4622-90BE-CDBD298C2676}
	EndGlobalSection
EndGlobal
